
Microsoft Visual Studio Solution File, Format Version 12.00
# Visual Studio Version 16
VisualStudioVersion = 16.0.31019.35
MinimumVisualStudioVersion = 10.0.40219.1
Project("{FAE04EC0-301F-11D3-BF4B-00C04F79EFBC}") = "Taxi", "Taxi\Taxi.csproj", "{27D1549E-8B8D-4BA3-9147-37957B1C9ECB}"
EndProject
Global
	GlobalSection(SolutionConfigurationPlatforms) = preSolution
		Debug|Any CPU = Debug|Any CPU
		Release|Any CPU = Release|Any CPU
	EndGlobalSection
	GlobalSection(ProjectConfigurationPlatforms) = postSolution
		{27D1549E-8B8D-4BA3-9147-37957B1C9ECB}.Debug|Any CPU.ActiveCfg = Debug|Any CPU
		{27D1549E-8B8D-4BA3-9147-37957B1C9ECB}.Debug|Any CPU.Build.0 = Debug|Any CPU
		{27D1549E-8B8D-4BA3-9147-37957B1C9ECB}.Release|Any CPU.ActiveCfg = Release|Any CPU
		{27D1549E-8B8D-4BA3-9147-37957B1C9ECB}.Release|Any CPU.Build.0 = Release|Any CPU
	EndGlobalSection
	GlobalSection(SolutionProperties) = preSolution
		HideSolutionNode = FALSE
	EndGlobalSection
	GlobalSection(ExtensibilityGlobals) = postSolution
		SolutionGuid = {CECA6621-8E15-4500-B148-C06DFD79EA62}
	EndGlobalSection
EndGlobal
